{
  "name": "login page reactnative",
  "lockfileVersion": 3,
  "requires": true,
  "packages": {
    "": {
      "dependencies": {
        "expo-checkbox": "^2.4.0"
      }
    },
    "node_modules/expo-checkbox": {
      "version": "2.4.0",
      "resolved": "https://registry.npmjs.org/expo-checkbox/-/expo-checkbox-2.4.0.tgz",
      "integrity": "sha512-ZEe79B73I+NDkLZQ2pR1E5rv9ey1oleNI/s2/Jdb9zKWztS0KVU2K+drFn2t/zyoSbR1U+CNwik2v7h6JxrXcA=="
    }
  }
}
